
Microsoft Visual Studio Solution File, Format Version 12.00
# Visual Studio Version 17
VisualStudioVersion = 17.3.32804.467
MinimumVisualStudioVersion = 10.0.40219.1
Project("{FAE04EC0-301F-11D3-BF4B-00C04F79EFBC}") = "Selection Statements", "Selection Statements\Selection Statements.csproj", "{83E5D101-8FD6-4388-BC93-4B8642699230}"
EndProject
Global
	GlobalSection(SolutionConfigurationPlatforms) = preSolution
		Debug|Any CPU = Debug|Any CPU
		Release|Any CPU = Release|Any CPU
	EndGlobalSection
	GlobalSection(ProjectConfigurationPlatforms) = postSolution
		{83E5D101-8FD6-4388-BC93-4B8642699230}.Debug|Any CPU.ActiveCfg = Debug|Any CPU
		{83E5D101-8FD6-4388-BC93-4B8642699230}.Debug|Any CPU.Build.0 = Debug|Any CPU
		{83E5D101-8FD6-4388-BC93-4B8642699230}.Release|Any CPU.ActiveCfg = Release|Any CPU
		{83E5D101-8FD6-4388-BC93-4B8642699230}.Release|Any CPU.Build.0 = Release|Any CPU
	EndGlobalSection
	GlobalSection(SolutionProperties) = preSolution
		HideSolutionNode = FALSE
	EndGlobalSection
	GlobalSection(ExtensibilityGlobals) = postSolution
		SolutionGuid = {8E8778D2-110C-4AB3-9231-AB89112390EB}
	EndGlobalSection
EndGlobal
